
Microsoft Visual Studio Solution File, Format Version 12.00
# Visual Studio Version 17
VisualStudioVersion = 17.14.36518.9 d17.14
MinimumVisualStudioVersion = 10.0.40219.1
Project("{FAE04EC0-301F-11D3-BF4B-00C04F79EFBC}") = "HolaMundo", "HolaMundo\HolaMundo.csproj", "{BB5C129A-E88D-42C6-9C21-8862FA38DFB8}"
EndProject
Global
	GlobalSection(SolutionConfigurationPlatforms) = preSolution
		Debug|Any CPU = Debug|Any CPU
		Release|Any CPU = Release|Any CPU
	EndGlobalSection
	GlobalSection(ProjectConfigurationPlatforms) = postSolution
		{BB5C129A-E88D-42C6-9C21-8862FA38DFB8}.Debug|Any CPU.ActiveCfg = Debug|Any CPU
		{BB5C129A-E88D-42C6-9C21-8862FA38DFB8}.Debug|Any CPU.Build.0 = Debug|Any CPU
		{BB5C129A-E88D-42C6-9C21-8862FA38DFB8}.Release|Any CPU.ActiveCfg = Release|Any CPU
		{BB5C129A-E88D-42C6-9C21-8862FA38DFB8}.Release|Any CPU.Build.0 = Release|Any CPU
	EndGlobalSection
	GlobalSection(SolutionProperties) = preSolution
		HideSolutionNode = FALSE
	EndGlobalSection
	GlobalSection(ExtensibilityGlobals) = postSolution
		SolutionGuid = {75C86E72-5B4E-4F0D-BFC5-B6D16A93F4EB}
	EndGlobalSection
EndGlobal
