
Microsoft Visual Studio Solution File, Format Version 12.00
# Visual Studio Version 17
VisualStudioVersion = 17.14.36603.0 d17.14
MinimumVisualStudioVersion = 10.0.40219.1
Project("{FAE04EC0-301F-11D3-BF4B-00C04F79EFBC}") = "EJ1", "EJ1\EJ1.csproj", "{97DCB3A6-502D-453A-B9A6-2132DC554143}"
EndProject
Global
	GlobalSection(SolutionConfigurationPlatforms) = preSolution
		Debug|Any CPU = Debug|Any CPU
		Release|Any CPU = Release|Any CPU
	EndGlobalSection
	GlobalSection(ProjectConfigurationPlatforms) = postSolution
		{97DCB3A6-502D-453A-B9A6-2132DC554143}.Debug|Any CPU.ActiveCfg = Debug|Any CPU
		{97DCB3A6-502D-453A-B9A6-2132DC554143}.Debug|Any CPU.Build.0 = Debug|Any CPU
		{97DCB3A6-502D-453A-B9A6-2132DC554143}.Release|Any CPU.ActiveCfg = Release|Any CPU
		{97DCB3A6-502D-453A-B9A6-2132DC554143}.Release|Any CPU.Build.0 = Release|Any CPU
	EndGlobalSection
	GlobalSection(SolutionProperties) = preSolution
		HideSolutionNode = FALSE
	EndGlobalSection
	GlobalSection(ExtensibilityGlobals) = postSolution
		SolutionGuid = {335C1B95-05EE-496A-9990-186E333A612F}
	EndGlobalSection
EndGlobal
